
Microsoft Visual Studio Solution File, Format Version 12.00
# Visual Studio Version 17
VisualStudioVersion = 17.10.34902.84
MinimumVisualStudioVersion = 10.0.40219.1
Project("{9A19103F-16F7-4668-BE54-9A1E7A4F7556}") = "VRCHub", "VRCHub.csproj", "{B496FA17-9825-410C-A579-04F505D7B684}"
EndProject
Project("{8BC9CEB8-8B4A-11D0-8D11-00A0C91BC942}") = "VRCHubAutoUpdater", "..\VRCHubAutoUpdater\VRCHubAutoUpdater.vcxproj", "{FE9DCFEA-D1AE-43E1-948F-329BA27CA18C}"
EndProject
Global
	GlobalSection(SolutionConfigurationPlatforms) = preSolution
		Debug|Any CPU = Debug|Any CPU
		Debug|x64 = Debug|x64
		Debug|x86 = Debug|x86
		Release|Any CPU = Release|Any CPU
		Release|x64 = Release|x64
		Release|x86 = Release|x86
	EndGlobalSection
	GlobalSection(ProjectConfigurationPlatforms) = postSolution
		{B496FA17-9825-410C-A579-04F505D7B684}.Debug|Any CPU.ActiveCfg = Debug|Any CPU
		{B496FA17-9825-410C-A579-04F505D7B684}.Debug|Any CPU.Build.0 = Debug|Any CPU
		{B496FA17-9825-410C-A579-04F505D7B684}.Debug|x64.ActiveCfg = Debug|Any CPU
		{B496FA17-9825-410C-A579-04F505D7B684}.Debug|x64.Build.0 = Debug|Any CPU
		{B496FA17-9825-410C-A579-04F505D7B684}.Debug|x86.ActiveCfg = Debug|Any CPU
		{B496FA17-9825-410C-A579-04F505D7B684}.Debug|x86.Build.0 = Debug|Any CPU
		{B496FA17-9825-410C-A579-04F505D7B684}.Release|Any CPU.ActiveCfg = Release|Any CPU
		{B496FA17-9825-410C-A579-04F505D7B684}.Release|Any CPU.Build.0 = Release|Any CPU
		{B496FA17-9825-410C-A579-04F505D7B684}.Release|x64.ActiveCfg = Release|Any CPU
		{B496FA17-9825-410C-A579-04F505D7B684}.Release|x64.Build.0 = Release|Any CPU
		{B496FA17-9825-410C-A579-04F505D7B684}.Release|x86.ActiveCfg = Release|Any CPU
		{B496FA17-9825-410C-A579-04F505D7B684}.Release|x86.Build.0 = Release|Any CPU
		{FE9DCFEA-D1AE-43E1-948F-329BA27CA18C}.Debug|Any CPU.ActiveCfg = Debug|x64
		{FE9DCFEA-D1AE-43E1-948F-329BA27CA18C}.Debug|Any CPU.Build.0 = Debug|x64
		{FE9DCFEA-D1AE-43E1-948F-329BA27CA18C}.Debug|x64.ActiveCfg = Debug|x64
		{FE9DCFEA-D1AE-43E1-948F-329BA27CA18C}.Debug|x64.Build.0 = Debug|x64
		{FE9DCFEA-D1AE-43E1-948F-329BA27CA18C}.Debug|x86.ActiveCfg = Debug|Win32
		{FE9DCFEA-D1AE-43E1-948F-329BA27CA18C}.Debug|x86.Build.0 = Debug|Win32
		{FE9DCFEA-D1AE-43E1-948F-329BA27CA18C}.Release|Any CPU.ActiveCfg = Release|x64
		{FE9DCFEA-D1AE-43E1-948F-329BA27CA18C}.Release|Any CPU.Build.0 = Release|x64
		{FE9DCFEA-D1AE-43E1-948F-329BA27CA18C}.Release|x64.ActiveCfg = Release|x64
		{FE9DCFEA-D1AE-43E1-948F-329BA27CA18C}.Release|x64.Build.0 = Release|x64
		{FE9DCFEA-D1AE-43E1-948F-329BA27CA18C}.Release|x86.ActiveCfg = Release|Win32
		{FE9DCFEA-D1AE-43E1-948F-329BA27CA18C}.Release|x86.Build.0 = Release|Win32
	EndGlobalSection
	GlobalSection(SolutionProperties) = preSolution
		HideSolutionNode = FALSE
	EndGlobalSection
	GlobalSection(ExtensibilityGlobals) = postSolution
		SolutionGuid = {47AB922E-4F65-42E2-977A-4DB26BC07D4C}
	EndGlobalSection
EndGlobal
